{
  "name": "msgpack_test",
  "version": "1.0.0",
  "lockfileVersion": 3,
  "requires": true,
  "packages": {
    "": {
      "name": "msgpack_test",
      "version": "1.0.0",
      "license": "ISC",
      "dependencies": {
        "notepack.io": "^3.0.1"
      }
    },
    "node_modules/notepack.io": {
      "version": "3.0.1",
      "resolved": "https://registry.npmjs.org/notepack.io/-/notepack.io-3.0.1.tgz",
      "integrity": "sha512-TKC/8zH5pXIAMVQio2TvVDTtPRX+DJPHDqjRbxogtFiByHyzKmy96RA0JtCQJ+WouyyL4A10xomQzgbUT+1jCg=="
    }
  }
}
